
Microsoft Visual Studio Solution File, Format Version 12.00
# Visual Studio Version 16
VisualStudioVersion = 16.0.30104.148
MinimumVisualStudioVersion = 10.0.40219.1
Project("{FAE04EC0-301F-11D3-BF4B-00C04F79EFBC}") = "MyTODO-list", "MyTODO-list\MyTODO-list.csproj", "{165B55CA-4CF8-4160-8E2B-B651F4BB1DAB}"
EndProject
Global
	GlobalSection(SolutionConfigurationPlatforms) = preSolution
		Debug|Any CPU = Debug|Any CPU
		Release|Any CPU = Release|Any CPU
	EndGlobalSection
	GlobalSection(ProjectConfigurationPlatforms) = postSolution
		{165B55CA-4CF8-4160-8E2B-B651F4BB1DAB}.Debug|Any CPU.ActiveCfg = Debug|Any CPU
		{165B55CA-4CF8-4160-8E2B-B651F4BB1DAB}.Debug|Any CPU.Build.0 = Debug|Any CPU
		{165B55CA-4CF8-4160-8E2B-B651F4BB1DAB}.Release|Any CPU.ActiveCfg = Release|Any CPU
		{165B55CA-4CF8-4160-8E2B-B651F4BB1DAB}.Release|Any CPU.Build.0 = Release|Any CPU
	EndGlobalSection
	GlobalSection(SolutionProperties) = preSolution
		HideSolutionNode = FALSE
	EndGlobalSection
	GlobalSection(ExtensibilityGlobals) = postSolution
		SolutionGuid = {AC742F9C-86A0-4645-8E04-CE00B1338017}
	EndGlobalSection
EndGlobal
